Microsoft Visual Studio Solution File, Format Version 12.00
# Visual Studio Version 17
VisualStudioVersion = 17.5.2.0
MinimumVisualStudioVersion = 10.0.40219.1
Project("{FAE04EC0-301F-11D3-BF4B-00C04F79EFBC}") = "GadgetCatlog", "GadgetCatlog.csproj", "{467F5240-4F2F-7E03-6D96-2CC6A62FD2AB}"
EndProject
Global
	GlobalSection(SolutionConfigurationPlatforms) = preSolution
		Debug|Any CPU = Debug|Any CPU
		Release|Any CPU = Release|Any CPU
	EndGlobalSection
	GlobalSection(ProjectConfigurationPlatforms) = postSolution
		{467F5240-4F2F-7E03-6D96-2CC6A62FD2AB}.Debug|Any CPU.ActiveCfg = Debug|Any CPU
		{467F5240-4F2F-7E03-6D96-2CC6A62FD2AB}.Debug|Any CPU.Build.0 = Debug|Any CPU
		{467F5240-4F2F-7E03-6D96-2CC6A62FD2AB}.Release|Any CPU.ActiveCfg = Release|Any CPU
		{467F5240-4F2F-7E03-6D96-2CC6A62FD2AB}.Release|Any CPU.Build.0 = Release|Any CPU
	EndGlobalSection
	GlobalSection(SolutionProperties) = preSolution
		HideSolutionNode = FALSE
	EndGlobalSection
	GlobalSection(ExtensibilityGlobals) = postSolution
		SolutionGuid = {6AAEE062-065B-4A1A-B0C7-BA8D957FC19E}
	EndGlobalSection
EndGlobal
